
Microsoft Visual Studio Solution File, Format Version 12.00
# Visual Studio 15
VisualStudioVersion = 15.0.28010.2050
MinimumVisualStudioVersion = 10.0.40219.1
Project("{FAE04EC0-301F-11D3-BF4B-00C04F79EFBC}") = "Practica2Prolema2", "Practica2Prolema2\Practica2Prolema2.csproj", "{0D78A3D9-9171-4959-9F7F-0FBA38E28720}"
EndProject
Global
	GlobalSection(SolutionConfigurationPlatforms) = preSolution
		Debug|Any CPU = Debug|Any CPU
		Release|Any CPU = Release|Any CPU
	EndGlobalSection
	GlobalSection(ProjectConfigurationPlatforms) = postSolution
		{0D78A3D9-9171-4959-9F7F-0FBA38E28720}.Debug|Any CPU.ActiveCfg = Debug|Any CPU
		{0D78A3D9-9171-4959-9F7F-0FBA38E28720}.Debug|Any CPU.Build.0 = Debug|Any CPU
		{0D78A3D9-9171-4959-9F7F-0FBA38E28720}.Release|Any CPU.ActiveCfg = Release|Any CPU
		{0D78A3D9-9171-4959-9F7F-0FBA38E28720}.Release|Any CPU.Build.0 = Release|Any CPU
	EndGlobalSection
	GlobalSection(SolutionProperties) = preSolution
		HideSolutionNode = FALSE
	EndGlobalSection
	GlobalSection(ExtensibilityGlobals) = postSolution
		SolutionGuid = {9CE9C514-1660-493F-B3C2-B4F4CE2D4A16}
	EndGlobalSection
EndGlobal
